
Microsoft Visual Studio Solution File, Format Version 12.00
# Visual Studio Version 16
VisualStudioVersion = 16.0.31424.327
MinimumVisualStudioVersion = 10.0.40219.1
Project("{FAE04EC0-301F-11D3-BF4B-00C04F79EFBC}") = "GiveLove", "GiveLove\GiveLove.csproj", "{98C61FA9-FCA6-4463-82ED-F5E016C7BADD}"
EndProject
Global
	GlobalSection(SolutionConfigurationPlatforms) = preSolution
		Debug|Any CPU = Debug|Any CPU
		Release|Any CPU = Release|Any CPU
	EndGlobalSection
	GlobalSection(ProjectConfigurationPlatforms) = postSolution
		{98C61FA9-FCA6-4463-82ED-F5E016C7BADD}.Debug|Any CPU.ActiveCfg = Debug|Any CPU
		{98C61FA9-FCA6-4463-82ED-F5E016C7BADD}.Debug|Any CPU.Build.0 = Debug|Any CPU
		{98C61FA9-FCA6-4463-82ED-F5E016C7BADD}.Release|Any CPU.ActiveCfg = Release|Any CPU
		{98C61FA9-FCA6-4463-82ED-F5E016C7BADD}.Release|Any CPU.Build.0 = Release|Any CPU
	EndGlobalSection
	GlobalSection(SolutionProperties) = preSolution
		HideSolutionNode = FALSE
	EndGlobalSection
	GlobalSection(ExtensibilityGlobals) = postSolution
		SolutionGuid = {5D30F9AF-C981-4AA4-90B4-B2DA331B2D9A}
	EndGlobalSection
EndGlobal
